// !$*UTF8*$!
{
	archiveVersion = 1;
	classes = {
	};
	objectVersion = 46;
	objects = {

/* Begin PBXAggregateTarget section */
		04BB50DC24364F7B8B69220D /* ZERO_CHECK */ = {
			isa = PBXAggregateTarget;
			buildConfigurationList = C433B07D97C042EAB8F9E70A /* Build configuration list for PBXAggregateTarget "ZERO_CHECK" */;
			buildPhases = (
				74F94AF2FD6CCE664ED2B62B /* Generate CMakeFiles/ZERO_CHECK */,
			);
			dependencies = (
			);
			name = ZERO_CHECK;
			productName = ZERO_CHECK;
		};
		1F8964F233994A7FBBEEAE1C /* ALL_BUILD */ = {
			isa = PBXAggregateTarget;
			buildConfigurationList = 872BF36FE64C452680B2476D /* Build configuration list for PBXAggregateTarget "ALL_BUILD" */;
			buildPhases = (
				9A1BC0F50983B2938157897A /* Generate CMakeFiles/ALL_BUILD */,
			);
			dependencies = (
				0D4F4F5922C44C59B4638CAF /* PBXTargetDependency */,
				530D6E6453FD4D239D380919 /* PBXTargetDependency */,
			);
			name = ALL_BUILD;
			productName = ALL_BUILD;
		};
/* End PBXAggregateTarget section */

/* Begin PBXBuildFile section */
		0307C5129A0E49C5A635DB01 /* /Users/mike/Documents/xcode/FTRReview/include/PDFViewDocumentPanel.h */ = {isa = PBXBuildFile; fileRef = 241A4921FAFB40859828CA82 /* /Users/mike/Documents/xcode/FTRReview/include/PDFViewDocumentPanel.h */; };
		0B7A86C3CCC344EDB57ABE1B /* /Users/mike/Documents/xcode/FTRReview/include/PDFViewTextRange.h */ = {isa = PBXBuildFile; fileRef = 0E07CF3299F94B6BBCA9D382 /* /Users/mike/Documents/xcode/FTRReview/include/PDFViewTextRange.h */; };
		0C691126E0874C95803DBCF7 /* /Users/mike/Documents/xcode/FTRReview/src/PDFViewBookmarks.cpp */ = {isa = PBXBuildFile; fileRef = A8F4CDF38CE9497A9BAA20FE /* /Users/mike/Documents/xcode/FTRReview/src/PDFViewBookmarks.cpp */; };
		1D6319AA642E4A09A5515631 /* /Users/mike/Documents/xcode/FTRReview/src/PDFViewImpl.cpp */ = {isa = PBXBuildFile; fileRef = E85CDA7336AC4AB98E6DF742 /* /Users/mike/Documents/xcode/FTRReview/src/PDFViewImpl.cpp */; };
		230863132AA442178DBF0C4A /* /Users/mike/Documents/xcode/FTRReview/include/PDFViewBookmarks.h */ = {isa = PBXBuildFile; fileRef = 7F553BDACFF141BBB9C93566 /* /Users/mike/Documents/xcode/FTRReview/include/PDFViewBookmarks.h */; };
		2B64DF0EE37244D896BC5487 /* /Users/mike/Documents/xcode/FTRReview/src/PDFViewArtProvider.cpp */ = {isa = PBXBuildFile; fileRef = CC750D56B41D49CC87A93CF5 /* /Users/mike/Documents/xcode/FTRReview/src/PDFViewArtProvider.cpp */; };
		2D6D43A8C9F442AA8C4FAF26 /* /Users/mike/Documents/xcode/FTRReview/src/PDFViewPages.cpp */ = {isa = PBXBuildFile; fileRef = 5A709823964B4F96A035BDAB /* /Users/mike/Documents/xcode/FTRReview/src/PDFViewPages.cpp */; };
		31444AB5E0E445AAB84659AF /* /Users/mike/Documents/xcode/FTRReview/src/PDFViewTextRange.cpp */ = {isa = PBXBuildFile; fileRef = 8106D1F2835C46B194BA434B /* /Users/mike/Documents/xcode/FTRReview/src/PDFViewTextRange.cpp */; };
		3AB5252792E143298FF2BE75 /* /Users/mike/Documents/xcode/FTRReview/include/PDFViewImpl.h */ = {isa = PBXBuildFile; fileRef = 04C3186DB39444FCA0008452 /* /Users/mike/Documents/xcode/FTRReview/include/PDFViewImpl.h */; };
		42FB72308D8A4D53A53B0C7D /* /Users/mike/Documents/xcode/FTRReview/include/PDFViewPrintout.h */ = {isa = PBXBuildFile; fileRef = D8F72BC64F274DD397A9FAF3 /* /Users/mike/Documents/xcode/FTRReview/include/PDFViewPrintout.h */; };
		45A422D02D5D448C938C64E4 /* /Users/mike/Documents/xcode/FTRReview/src/PDFViewDocumentFrame.cpp */ = {isa = PBXBuildFile; fileRef = 47101262EEDB4696812F94DB /* /Users/mike/Documents/xcode/FTRReview/src/PDFViewDocumentFrame.cpp */; };
		4CA5059CF4BF410496116815 /* /Users/mike/Documents/xcode/FTRReview/include/PDFView.h */ = {isa = PBXBuildFile; fileRef = 6E724FDB217549D2A1AA4F9F /* /Users/mike/Documents/xcode/FTRReview/include/PDFView.h */; };
		51EC4B5BD6DD4BC59CA2C3A2 /* /Users/mike/Documents/xcode/FTRReview/include/PDFViewThumbnailListBox.h */ = {isa = PBXBuildFile; fileRef = FC87158A7A424D018081428B /* /Users/mike/Documents/xcode/FTRReview/include/PDFViewThumbnailListBox.h */; };
		5A25B0B6B3164456915D4723 /* /Users/mike/Documents/xcode/FTRReview/CMakeLists.txt */ = {isa = PBXBuildFile; fileRef = A13A7878F2DD481282CFCE0E /* /Users/mike/Documents/xcode/FTRReview/CMakeLists.txt */; };
		627A46FC837343FA9466AE7C /* /Users/mike/Documents/xcode/FTRReview/src/PDFViewThumbnailListBoxImpl.cpp */ = {isa = PBXBuildFile; fileRef = 067B5D4F76354C4EAB7C04AA /* /Users/mike/Documents/xcode/FTRReview/src/PDFViewThumbnailListBoxImpl.cpp */; };
		66016C1739AB4970A3AB58E0 /* /Users/mike/Documents/xcode/FTRReview/include/PDFViewPages.h */ = {isa = PBXBuildFile; fileRef = 21FD6A4CEA8341268EC5D92B /* /Users/mike/Documents/xcode/FTRReview/include/PDFViewPages.h */; };
		6AAB477959C4458781724F41 /* /Users/mike/Documents/xcode/FTRReview/src/PDFViewActivityPanel.cpp */ = {isa = PBXBuildFile; fileRef = D8C58110C62143DBBFE266AA /* /Users/mike/Documents/xcode/FTRReview/src/PDFViewActivityPanel.cpp */; };
		7550C91F6C85446F808CF83F /* /Users/mike/Documents/xcode/FTRReview/include/FTRReview.h */ = {isa = PBXBuildFile; fileRef = D9371614C97D4941ACB1289E /* /Users/mike/Documents/xcode/FTRReview/include/FTRReview.h */; };
		94938F3BF19B4B56A084D98E /* /Users/mike/Documents/xcode/FTRReview/include/PDFViewDocumentFrame.h */ = {isa = PBXBuildFile; fileRef = E1CA587EB3774B6396DC206D /* /Users/mike/Documents/xcode/FTRReview/include/PDFViewDocumentFrame.h */; };
		9494DE81C834476AAB04B71C /* /Users/mike/Documents/xcode/FTRReview/src/PDFViewPrintout.cpp */ = {isa = PBXBuildFile; fileRef = 11EE3BEF222A422499E1AB08 /* /Users/mike/Documents/xcode/FTRReview/src/PDFViewPrintout.cpp */; };
		C80AF92521964E4AA139B8EB /* /Users/mike/Documents/xcode/FTRReview/include/PDFViewArtProvider.h */ = {isa = PBXBuildFile; fileRef = 162E5279680D4A78A10CFF0A /* /Users/mike/Documents/xcode/FTRReview/include/PDFViewArtProvider.h */; };
		CC8557CC4CC149F1829D0FCF /* /Users/mike/Documents/xcode/FTRReview/include/PDFViewThumbnailListBoxImpl.h */ = {isa = PBXBuildFile; fileRef = 17B074208A814946831645F0 /* /Users/mike/Documents/xcode/FTRReview/include/PDFViewThumbnailListBoxImpl.h */; };
		CE7F26CECF044843BC62E786 /* /Users/mike/Documents/xcode/FTRReview/src/FTRReview.cpp */ = {isa = PBXBuildFile; fileRef = 93CA5AC8639C4981A6DCE98B /* /Users/mike/Documents/xcode/FTRReview/src/FTRReview.cpp */; };
		CF15AC8D1B8F40A4B5C584C7 /* /Users/mike/Documents/xcode/FTRReview/src/PDFView.cpp */ = {isa = PBXBuildFile; fileRef = AB7BE143FF544D7A9239F076 /* /Users/mike/Documents/xcode/FTRReview/src/PDFView.cpp */; };
		E16ECBDCCD8D4BD49089AACD /* /Users/mike/Documents/xcode/FTRReview/include/PDFViewBookmarksCtrl.h */ = {isa = PBXBuildFile; fileRef = 44F2806313714191AF2A7C72 /* /Users/mike/Documents/xcode/FTRReview/include/PDFViewBookmarksCtrl.h */; };
		E2594670657A4962BA7DA19A /* /Users/mike/Documents/xcode/FTRReview/src/PDFViewThumbnailListBox.cpp */ = {isa = PBXBuildFile; fileRef = 2B9A4496CA084EBBA9899D62 /* /Users/mike/Documents/xcode/FTRReview/src/PDFViewThumbnailListBox.cpp */; };
		E7CC01D15A89469285AFBB28 /* /Users/mike/Documents/xcode/FTRReview/src/PDFViewBookmarksCtrl.cpp */ = {isa = PBXBuildFile; fileRef = 636F8BB61C2740B5A20554A4 /* /Users/mike/Documents/xcode/FTRReview/src/PDFViewBookmarksCtrl.cpp */; };
		EBBCF997EB624745BF496AFE /* /Users/mike/Documents/xcode/FTRReview/src/PDFViewDocumentPanel.cpp */ = {isa = PBXBuildFile; fileRef = 66B53E31D64A4CFF80C0BCF9 /* /Users/mike/Documents/xcode/FTRReview/src/PDFViewDocumentPanel.cpp */; };
		FB840C2B2FF640559EEDC179 /* /Users/mike/Documents/xcode/FTRReview/include/PDFViewActivityPanel.h */ = {isa = PBXBuildFile; fileRef = 7C1D3476BA544CC0B8C1F8A3 /* /Users/mike/Documents/xcode/FTRReview/include/PDFViewActivityPanel.h */; };
/* End PBXBuildFile section */

/* Begin PBXBuildStyle section */
		87FFFD79789A4B43A43D0DD5 /* MinSizeRel */ = {
			isa = PBXBuildStyle;
			buildSettings = {
				COPY_PHASE_STRIP = NO;
			};
			name = MinSizeRel;
		};
		9933C9AFEB9D4C7EA7B98196 /* Debug */ = {
			isa = PBXBuildStyle;
			buildSettings = {
				COPY_PHASE_STRIP = NO;
			};
			name = Debug;
		};
		DFC99E3CF013443B94A16540 /* RelWithDebInfo */ = {
			isa = PBXBuildStyle;
			buildSettings = {
				COPY_PHASE_STRIP = NO;
			};
			name = RelWithDebInfo;
		};
		F9DA2A763B0945F080153178 /* Release */ = {
			isa = PBXBuildStyle;
			buildSettings = {
				COPY_PHASE_STRIP = NO;
			};
			name = Release;
		};
/* End PBXBuildStyle section */

/* Begin PBXContainerItemProxy section */
		4982D6843DAB478CA4D9B4FE /* PBXContainerItemProxy */ = {
			isa = PBXContainerItemProxy;
			containerPortal = DB0264EDF4C147C9A3F54201 /* Project object */;
			proxyType = 1;
			remoteGlobalIDString = B64D1DE331B54E568DC9C6A8;
			remoteInfo = FTRReview;
		};
		94C6675057A349C5AEF96637 /* PBXContainerItemProxy */ = {
			isa = PBXContainerItemProxy;
			containerPortal = DB0264EDF4C147C9A3F54201 /* Project object */;
			proxyType = 1;
			remoteGlobalIDString = 04BB50DC24364F7B8B69220D;
			remoteInfo = ZERO_CHECK;
		};
		99968379472E4BB191238337 /* PBXContainerItemProxy */ = {
			isa = PBXContainerItemProxy;
			containerPortal = DB0264EDF4C147C9A3F54201 /* Project object */;
			proxyType = 1;
			remoteGlobalIDString = 04BB50DC24364F7B8B69220D;
			remoteInfo = ZERO_CHECK;
		};
/* End PBXContainerItemProxy section */

/* Begin PBXFileReference section */
		04C3186DB39444FCA0008452 /* /Users/mike/Documents/xcode/FTRReview/include/PDFViewImpl.h */ = {isa = PBXFileReference; explicitFileType = sourcecode.c.h; fileEncoding = 4; name = PDFViewImpl.h; path = include/PDFViewImpl.h; sourceTree = SOURCE_ROOT; };
		067B5D4F76354C4EAB7C04AA /* /Users/mike/Documents/xcode/FTRReview/src/PDFViewThumbnailListBoxImpl.cpp */ = {isa = PBXFileReference; explicitFileType = sourcecode.cpp.cpp; fileEncoding = 4; name = PDFViewThumbnailListBoxImpl.cpp; path = src/PDFViewThumbnailListBoxImpl.cpp; sourceTree = SOURCE_ROOT; };
		0E07CF3299F94B6BBCA9D382 /* /Users/mike/Documents/xcode/FTRReview/include/PDFViewTextRange.h */ = {isa = PBXFileReference; explicitFileType = sourcecode.c.h; fileEncoding = 4; name = PDFViewTextRange.h; path = include/PDFViewTextRange.h; sourceTree = SOURCE_ROOT; };
		11EE3BEF222A422499E1AB08 /* /Users/mike/Documents/xcode/FTRReview/src/PDFViewPrintout.cpp */ = {isa = PBXFileReference; explicitFileType = sourcecode.cpp.cpp; fileEncoding = 4; name = PDFViewPrintout.cpp; path = src/PDFViewPrintout.cpp; sourceTree = SOURCE_ROOT; };
		162E5279680D4A78A10CFF0A /* /Users/mike/Documents/xcode/FTRReview/include/PDFViewArtProvider.h */ = {isa = PBXFileReference; explicitFileType = sourcecode.c.h; fileEncoding = 4; name = PDFViewArtProvider.h; path = include/PDFViewArtProvider.h; sourceTree = SOURCE_ROOT; };
		17B074208A814946831645F0 /* /Users/mike/Documents/xcode/FTRReview/include/PDFViewThumbnailListBoxImpl.h */ = {isa = PBXFileReference; explicitFileType = sourcecode.c.h; fileEncoding = 4; name = PDFViewThumbnailListBoxImpl.h; path = include/PDFViewThumbnailListBoxImpl.h; sourceTree = SOURCE_ROOT; };
		21FD6A4CEA8341268EC5D92B /* /Users/mike/Documents/xcode/FTRReview/include/PDFViewPages.h */ = {isa = PBXFileReference; explicitFileType = sourcecode.c.h; fileEncoding = 4; name = PDFViewPages.h; path = include/PDFViewPages.h; sourceTree = SOURCE_ROOT; };
		241A4921FAFB40859828CA82 /* /Users/mike/Documents/xcode/FTRReview/include/PDFViewDocumentPanel.h */ = {isa = PBXFileReference; explicitFileType = sourcecode.c.h; fileEncoding = 4; name = PDFViewDocumentPanel.h; path = include/PDFViewDocumentPanel.h; sourceTree = SOURCE_ROOT; };
		2B9A4496CA084EBBA9899D62 /* /Users/mike/Documents/xcode/FTRReview/src/PDFViewThumbnailListBox.cpp */ = {isa = PBXFileReference; explicitFileType = sourcecode.cpp.cpp; fileEncoding = 4; name = PDFViewThumbnailListBox.cpp; path = src/PDFViewThumbnailListBox.cpp; sourceTree = SOURCE_ROOT; };
		44F2806313714191AF2A7C72 /* /Users/mike/Documents/xcode/FTRReview/include/PDFViewBookmarksCtrl.h */ = {isa = PBXFileReference; explicitFileType = sourcecode.c.h; fileEncoding = 4; name = PDFViewBookmarksCtrl.h; path = include/PDFViewBookmarksCtrl.h; sourceTree = SOURCE_ROOT; };
		47101262EEDB4696812F94DB /* /Users/mike/Documents/xcode/FTRReview/src/PDFViewDocumentFrame.cpp */ = {isa = PBXFileReference; explicitFileType = sourcecode.cpp.cpp; fileEncoding = 4; name = PDFViewDocumentFrame.cpp; path = src/PDFViewDocumentFrame.cpp; sourceTree = SOURCE_ROOT; };
		5A709823964B4F96A035BDAB /* /Users/mike/Documents/xcode/FTRReview/src/PDFViewPages.cpp */ = {isa = PBXFileReference; explicitFileType = sourcecode.cpp.cpp; fileEncoding = 4; name = PDFViewPages.cpp; path = src/PDFViewPages.cpp; sourceTree = SOURCE_ROOT; };
		636F8BB61C2740B5A20554A4 /* /Users/mike/Documents/xcode/FTRReview/src/PDFViewBookmarksCtrl.cpp */ = {isa = PBXFileReference; explicitFileType = sourcecode.cpp.cpp; fileEncoding = 4; name = PDFViewBookmarksCtrl.cpp; path = src/PDFViewBookmarksCtrl.cpp; sourceTree = SOURCE_ROOT; };
		66B53E31D64A4CFF80C0BCF9 /* /Users/mike/Documents/xcode/FTRReview/src/PDFViewDocumentPanel.cpp */ = {isa = PBXFileReference; explicitFileType = sourcecode.cpp.cpp; fileEncoding = 4; name = PDFViewDocumentPanel.cpp; path = src/PDFViewDocumentPanel.cpp; sourceTree = SOURCE_ROOT; };
		6E724FDB217549D2A1AA4F9F /* /Users/mike/Documents/xcode/FTRReview/include/PDFView.h */ = {isa = PBXFileReference; explicitFileType = sourcecode.c.h; fileEncoding = 4; name = PDFView.h; path = include/PDFView.h; sourceTree = SOURCE_ROOT; };
		7C1D3476BA544CC0B8C1F8A3 /* /Users/mike/Documents/xcode/FTRReview/include/PDFViewActivityPanel.h */ = {isa = PBXFileReference; explicitFileType = sourcecode.c.h; fileEncoding = 4; name = PDFViewActivityPanel.h; path = include/PDFViewActivityPanel.h; sourceTree = SOURCE_ROOT; };
		7F553BDACFF141BBB9C93566 /* /Users/mike/Documents/xcode/FTRReview/include/PDFViewBookmarks.h */ = {isa = PBXFileReference; explicitFileType = sourcecode.c.h; fileEncoding = 4; name = PDFViewBookmarks.h; path = include/PDFViewBookmarks.h; sourceTree = SOURCE_ROOT; };
		8106D1F2835C46B194BA434B /* /Users/mike/Documents/xcode/FTRReview/src/PDFViewTextRange.cpp */ = {isa = PBXFileReference; explicitFileType = sourcecode.cpp.cpp; fileEncoding = 4; name = PDFViewTextRange.cpp; path = src/PDFViewTextRange.cpp; sourceTree = SOURCE_ROOT; };
		83B5BA839FA34C8EBE530FC2 /* FTRReview */ = {isa = PBXFileReference; explicitFileType = "compiled.mach-o.executable"; path = FTRReview; sourceTree = BUILT_PRODUCTS_DIR; };
		93CA5AC8639C4981A6DCE98B /* /Users/mike/Documents/xcode/FTRReview/src/FTRReview.cpp */ = {isa = PBXFileReference; explicitFileType = sourcecode.cpp.cpp; fileEncoding = 4; name = FTRReview.cpp; path = src/FTRReview.cpp; sourceTree = SOURCE_ROOT; };
		A13A7878F2DD481282CFCE0E /* /Users/mike/Documents/xcode/FTRReview/CMakeLists.txt */ = {isa = PBXFileReference; explicitFileType = sourcecode.text; fileEncoding = 4; name = CMakeLists.txt; path = CMakeLists.txt; sourceTree = SOURCE_ROOT; };
		A8F4CDF38CE9497A9BAA20FE /* /Users/mike/Documents/xcode/FTRReview/src/PDFViewBookmarks.cpp */ = {isa = PBXFileReference; explicitFileType = sourcecode.cpp.cpp; fileEncoding = 4; name = PDFViewBookmarks.cpp; path = src/PDFViewBookmarks.cpp; sourceTree = SOURCE_ROOT; };
		AB7BE143FF544D7A9239F076 /* /Users/mike/Documents/xcode/FTRReview/src/PDFView.cpp */ = {isa = PBXFileReference; explicitFileType = sourcecode.cpp.cpp; fileEncoding = 4; name = PDFView.cpp; path = src/PDFView.cpp; sourceTree = SOURCE_ROOT; };
		CC750D56B41D49CC87A93CF5 /* /Users/mike/Documents/xcode/FTRReview/src/PDFViewArtProvider.cpp */ = {isa = PBXFileReference; explicitFileType = sourcecode.cpp.cpp; fileEncoding = 4; name = PDFViewArtProvider.cpp; path = src/PDFViewArtProvider.cpp; sourceTree = SOURCE_ROOT; };
		D8C58110C62143DBBFE266AA /* /Users/mike/Documents/xcode/FTRReview/src/PDFViewActivityPanel.cpp */ = {isa = PBXFileReference; explicitFileType = sourcecode.cpp.cpp; fileEncoding = 4; name = PDFViewActivityPanel.cpp; path = src/PDFViewActivityPanel.cpp; sourceTree = SOURCE_ROOT; };
		D8F72BC64F274DD397A9FAF3 /* /Users/mike/Documents/xcode/FTRReview/include/PDFViewPrintout.h */ = {isa = PBXFileReference; explicitFileType = sourcecode.c.h; fileEncoding = 4; name = PDFViewPrintout.h; path = include/PDFViewPrintout.h; sourceTree = SOURCE_ROOT; };
		D9371614C97D4941ACB1289E /* /Users/mike/Documents/xcode/FTRReview/include/FTRReview.h */ = {isa = PBXFileReference; explicitFileType = sourcecode.c.h; fileEncoding = 4; name = FTRReview.h; path = include/FTRReview.h; sourceTree = SOURCE_ROOT; };
		D95335EFD20D4D4C8CCB21FD /* /Users/mike/Documents/xcode/FTRReview/CMakeLists.txt */ = {isa = PBXFileReference; explicitFileType = sourcecode.text; fileEncoding = 4; name = CMakeLists.txt; path = CMakeLists.txt; sourceTree = SOURCE_ROOT; };
		E1CA587EB3774B6396DC206D /* /Users/mike/Documents/xcode/FTRReview/include/PDFViewDocumentFrame.h */ = {isa = PBXFileReference; explicitFileType = sourcecode.c.h; fileEncoding = 4; name = PDFViewDocumentFrame.h; path = include/PDFViewDocumentFrame.h; sourceTree = SOURCE_ROOT; };
		E85CDA7336AC4AB98E6DF742 /* /Users/mike/Documents/xcode/FTRReview/src/PDFViewImpl.cpp */ = {isa = PBXFileReference; explicitFileType = sourcecode.cpp.cpp; fileEncoding = 4; name = PDFViewImpl.cpp; path = src/PDFViewImpl.cpp; sourceTree = SOURCE_ROOT; };
		FC87158A7A424D018081428B /* /Users/mike/Documents/xcode/FTRReview/include/PDFViewThumbnailListBox.h */ = {isa = PBXFileReference; explicitFileType = sourcecode.c.h; fileEncoding = 4; name = PDFViewThumbnailListBox.h; path = include/PDFViewThumbnailListBox.h; sourceTree = SOURCE_ROOT; };
/* End PBXFileReference section */

/* Begin PBXFrameworksBuildPhase section */
		AC6CDDEEB8CC45B882A34DCD /* Frameworks */ = {
			isa = PBXFrameworksBuildPhase;
			buildActionMask = 2147483647;
			files = (
			);
			runOnlyForDeploymentPostprocessing = 0;
		};
/* End PBXFrameworksBuildPhase section */

/* Begin PBXGroup section */
		0C53F5268ED943F695777EEE /* ALL_BUILD */ = {
			isa = PBXGroup;
			children = (
				74A032169C774C0ABA849FA8 /* CMake Rules */,
				D95335EFD20D4D4C8CCB21FD /* /Users/mike/Documents/xcode/FTRReview/CMakeLists.txt */,
			);
			name = ALL_BUILD;
			sourceTree = "<group>";
		};
		606E363B9BFF4D8187AFF6D1 /* Products */ = {
			isa = PBXGroup;
			children = (
				83B5BA839FA34C8EBE530FC2 /* FTRReview */,
			);
			name = Products;
			sourceTree = "<group>";
		};
		687F687681BA4D4FA2291A97 /* Header Files */ = {
			isa = PBXGroup;
			children = (
				D9371614C97D4941ACB1289E /* /Users/mike/Documents/xcode/FTRReview/include/FTRReview.h */,
				6E724FDB217549D2A1AA4F9F /* /Users/mike/Documents/xcode/FTRReview/include/PDFView.h */,
				7C1D3476BA544CC0B8C1F8A3 /* /Users/mike/Documents/xcode/FTRReview/include/PDFViewActivityPanel.h */,
				162E5279680D4A78A10CFF0A /* /Users/mike/Documents/xcode/FTRReview/include/PDFViewArtProvider.h */,
				7F553BDACFF141BBB9C93566 /* /Users/mike/Documents/xcode/FTRReview/include/PDFViewBookmarks.h */,
				44F2806313714191AF2A7C72 /* /Users/mike/Documents/xcode/FTRReview/include/PDFViewBookmarksCtrl.h */,
				E1CA587EB3774B6396DC206D /* /Users/mike/Documents/xcode/FTRReview/include/PDFViewDocumentFrame.h */,
				241A4921FAFB40859828CA82 /* /Users/mike/Documents/xcode/FTRReview/include/PDFViewDocumentPanel.h */,
				04C3186DB39444FCA0008452 /* /Users/mike/Documents/xcode/FTRReview/include/PDFViewImpl.h */,
				21FD6A4CEA8341268EC5D92B /* /Users/mike/Documents/xcode/FTRReview/include/PDFViewPages.h */,
				D8F72BC64F274DD397A9FAF3 /* /Users/mike/Documents/xcode/FTRReview/include/PDFViewPrintout.h */,
				0E07CF3299F94B6BBCA9D382 /* /Users/mike/Documents/xcode/FTRReview/include/PDFViewTextRange.h */,
				FC87158A7A424D018081428B /* /Users/mike/Documents/xcode/FTRReview/include/PDFViewThumbnailListBox.h */,
				17B074208A814946831645F0 /* /Users/mike/Documents/xcode/FTRReview/include/PDFViewThumbnailListBoxImpl.h */,
			);
			name = "Header Files";
			sourceTree = "<group>";
		};
		74A032169C774C0ABA849FA8 /* CMake Rules */ = {
			isa = PBXGroup;
			children = (
			);
			name = "CMake Rules";
			sourceTree = "<group>";
		};
		7E872FBC4C8D41199E2C4987 /* Frameworks */ = {
			isa = PBXGroup;
			children = (
			);
			name = Frameworks;
			sourceTree = "<group>";
		};
		AA3FE8F793034523853C7810 /* FTRReview */ = {
			isa = PBXGroup;
			children = (
				CAAB2CD1EBA24F31998AABED /* Source Files */,
				687F687681BA4D4FA2291A97 /* Header Files */,
				A13A7878F2DD481282CFCE0E /* /Users/mike/Documents/xcode/FTRReview/CMakeLists.txt */,
			);
			name = FTRReview;
			sourceTree = "<group>";
		};
		CAAB2CD1EBA24F31998AABED /* Source Files */ = {
			isa = PBXGroup;
			children = (
				93CA5AC8639C4981A6DCE98B /* /Users/mike/Documents/xcode/FTRReview/src/FTRReview.cpp */,
				AB7BE143FF544D7A9239F076 /* /Users/mike/Documents/xcode/FTRReview/src/PDFView.cpp */,
				D8C58110C62143DBBFE266AA /* /Users/mike/Documents/xcode/FTRReview/src/PDFViewActivityPanel.cpp */,
				CC750D56B41D49CC87A93CF5 /* /Users/mike/Documents/xcode/FTRReview/src/PDFViewArtProvider.cpp */,
				A8F4CDF38CE9497A9BAA20FE /* /Users/mike/Documents/xcode/FTRReview/src/PDFViewBookmarks.cpp */,
				636F8BB61C2740B5A20554A4 /* /Users/mike/Documents/xcode/FTRReview/src/PDFViewBookmarksCtrl.cpp */,
				47101262EEDB4696812F94DB /* /Users/mike/Documents/xcode/FTRReview/src/PDFViewDocumentFrame.cpp */,
				66B53E31D64A4CFF80C0BCF9 /* /Users/mike/Documents/xcode/FTRReview/src/PDFViewDocumentPanel.cpp */,
				E85CDA7336AC4AB98E6DF742 /* /Users/mike/Documents/xcode/FTRReview/src/PDFViewImpl.cpp */,
				5A709823964B4F96A035BDAB /* /Users/mike/Documents/xcode/FTRReview/src/PDFViewPages.cpp */,
				11EE3BEF222A422499E1AB08 /* /Users/mike/Documents/xcode/FTRReview/src/PDFViewPrintout.cpp */,
				8106D1F2835C46B194BA434B /* /Users/mike/Documents/xcode/FTRReview/src/PDFViewTextRange.cpp */,
				2B9A4496CA084EBBA9899D62 /* /Users/mike/Documents/xcode/FTRReview/src/PDFViewThumbnailListBox.cpp */,
				067B5D4F76354C4EAB7C04AA /* /Users/mike/Documents/xcode/FTRReview/src/PDFViewThumbnailListBoxImpl.cpp */,
			);
			name = "Source Files";
			sourceTree = "<group>";
		};
		E47E4A2BDAB94AAC8962C5C1 = {
			isa = PBXGroup;
			children = (
				AA3FE8F793034523853C7810 /* FTRReview */,
				0C53F5268ED943F695777EEE /* ALL_BUILD */,
				606E363B9BFF4D8187AFF6D1 /* Products */,
				7E872FBC4C8D41199E2C4987 /* Frameworks */,
			);
			sourceTree = "<group>";
		};
/* End PBXGroup section */

/* Begin PBXNativeTarget section */
		B64D1DE331B54E568DC9C6A8 /* FTRReview */ = {
			isa = PBXNativeTarget;
			buildConfigurationList = 911AB4C0EC2D4547BF103B62 /* Build configuration list for PBXNativeTarget "FTRReview" */;
			buildPhases = (
				01215728C8A54C20AEEC05E6 /* Sources */,
				AC6CDDEEB8CC45B882A34DCD /* Frameworks */,
			);
			buildRules = (
			);
			dependencies = (
				924AB0B076154898B30DB86C /* PBXTargetDependency */,
			);
			name = FTRReview;
			productName = FTRReview;
			productReference = 83B5BA839FA34C8EBE530FC2 /* FTRReview */;
			productType = "com.apple.product-type.tool";
		};
/* End PBXNativeTarget section */

/* Begin PBXProject section */
		DB0264EDF4C147C9A3F54201 /* Project object */ = {
			isa = PBXProject;
			attributes = {
				BuildIndependentTargetsInParallel = YES;
				LastUpgradeCheck = 1400;
			};
			buildConfigurationList = 6A58D392CC3447A3964AA490 /* Build configuration list for PBXProject "FTRReview" */;
			buildSettings = {
			};
			buildStyles = (
				9933C9AFEB9D4C7EA7B98196 /* Debug */,
				F9DA2A763B0945F080153178 /* Release */,
				87FFFD79789A4B43A43D0DD5 /* MinSizeRel */,
				DFC99E3CF013443B94A16540 /* RelWithDebInfo */,
			);
			compatibilityVersion = "Xcode 3.2";
			hasScannedForEncodings = 0;
			mainGroup = E47E4A2BDAB94AAC8962C5C1;
			projectDirPath = /Users/mike/Documents/xcode/FTRReview;
			projectRoot = "";
			targets = (
				1F8964F233994A7FBBEEAE1C /* ALL_BUILD */,
				B64D1DE331B54E568DC9C6A8 /* FTRReview */,
				04BB50DC24364F7B8B69220D /* ZERO_CHECK */,
			);
		};
/* End PBXProject section */

/* Begin PBXShellScriptBuildPhase section */
		3C0110FC8322DE7E50886E21 = {
			isa = PBXShellScriptBuildPhase;
			buildActionMask = 2147483647;
			files = (
			);
			inputPaths = (
			);
			outputPaths = (
			);
			runOnlyForDeploymentPostprocessing = 0;
			shellPath = /bin/sh;
			shellScript = "# shell script goes here
exit 0";
			showEnvVarsInLog = 0;
		};
		74F94AF2FD6CCE664ED2B62B /* Generate CMakeFiles/ZERO_CHECK */ = {
			isa = PBXShellScriptBuildPhase;
			alwaysOutOfDate = 1;
			buildActionMask = 2147483647;
			files = (
			);
			inputPaths = (
			);
			name = "Generate CMakeFiles/ZERO_CHECK";
			outputPaths = (
/Users/mike/Documents/xcode/FTRReview/xcode/CMakeFiles/ZERO_CHECK			);
			runOnlyForDeploymentPostprocessing = 0;
			shellPath = /bin/sh;
			shellScript = "set -e
if test \"$CONFIGURATION\" = \"Debug\"; then :
  cd /Users/mike/Documents/xcode/FTRReview/xcode
  make -f /Users/mike/Documents/xcode/FTRReview/xcode/CMakeScripts/ReRunCMake.make
fi
if test \"$CONFIGURATION\" = \"Release\"; then :
  cd /Users/mike/Documents/xcode/FTRReview/xcode
  make -f /Users/mike/Documents/xcode/FTRReview/xcode/CMakeScripts/ReRunCMake.make
fi
if test \"$CONFIGURATION\" = \"MinSizeRel\"; then :
  cd /Users/mike/Documents/xcode/FTRReview/xcode
  make -f /Users/mike/Documents/xcode/FTRReview/xcode/CMakeScripts/ReRunCMake.make
fi
if test \"$CONFIGURATION\" = \"RelWithDebInfo\"; then :
  cd /Users/mike/Documents/xcode/FTRReview/xcode
  make -f /Users/mike/Documents/xcode/FTRReview/xcode/CMakeScripts/ReRunCMake.make
fi
";
			showEnvVarsInLog = 0;
		};
		9A1BC0F50983B2938157897A /* Generate CMakeFiles/ALL_BUILD */ = {
			isa = PBXShellScriptBuildPhase;
			alwaysOutOfDate = 1;
			buildActionMask = 2147483647;
			files = (
			);
			inputPaths = (
			);
			name = "Generate CMakeFiles/ALL_BUILD";
			outputPaths = (
/Users/mike/Documents/xcode/FTRReview/xcode/CMakeFiles/ALL_BUILD			);
			runOnlyForDeploymentPostprocessing = 0;
			shellPath = /bin/sh;
			shellScript = "set -e
if test \"$CONFIGURATION\" = \"Debug\"; then :
  cd /Users/mike/Documents/xcode/FTRReview/xcode
  echo Build\\ all\\ projects
fi
if test \"$CONFIGURATION\" = \"Release\"; then :
  cd /Users/mike/Documents/xcode/FTRReview/xcode
  echo Build\\ all\\ projects
fi
if test \"$CONFIGURATION\" = \"MinSizeRel\"; then :
  cd /Users/mike/Documents/xcode/FTRReview/xcode
  echo Build\\ all\\ projects
fi
if test \"$CONFIGURATION\" = \"RelWithDebInfo\"; then :
  cd /Users/mike/Documents/xcode/FTRReview/xcode
  echo Build\\ all\\ projects
fi
";
			showEnvVarsInLog = 0;
		};
		9B50530E35CC49C82C2FACCF = {
			isa = PBXShellScriptBuildPhase;
			buildActionMask = 2147483647;
			files = (
			);
			inputPaths = (
			);
			outputPaths = (
			);
			runOnlyForDeploymentPostprocessing = 0;
			shellPath = /bin/sh;
			shellScript = "# shell script goes here
exit 0";
			showEnvVarsInLog = 0;
		};
/* End PBXShellScriptBuildPhase section */

/* Begin PBXSourcesBuildPhase section */
		01215728C8A54C20AEEC05E6 /* Sources */ = {
			isa = PBXSourcesBuildPhase;
			buildActionMask = 2147483647;
			files = (
				CE7F26CECF044843BC62E786 /* /Users/mike/Documents/xcode/FTRReview/src/FTRReview.cpp */,
				CF15AC8D1B8F40A4B5C584C7 /* /Users/mike/Documents/xcode/FTRReview/src/PDFView.cpp */,
				6AAB477959C4458781724F41 /* /Users/mike/Documents/xcode/FTRReview/src/PDFViewActivityPanel.cpp */,
				2B64DF0EE37244D896BC5487 /* /Users/mike/Documents/xcode/FTRReview/src/PDFViewArtProvider.cpp */,
				0C691126E0874C95803DBCF7 /* /Users/mike/Documents/xcode/FTRReview/src/PDFViewBookmarks.cpp */,
				E7CC01D15A89469285AFBB28 /* /Users/mike/Documents/xcode/FTRReview/src/PDFViewBookmarksCtrl.cpp */,
				45A422D02D5D448C938C64E4 /* /Users/mike/Documents/xcode/FTRReview/src/PDFViewDocumentFrame.cpp */,
				EBBCF997EB624745BF496AFE /* /Users/mike/Documents/xcode/FTRReview/src/PDFViewDocumentPanel.cpp */,
				1D6319AA642E4A09A5515631 /* /Users/mike/Documents/xcode/FTRReview/src/PDFViewImpl.cpp */,
				2D6D43A8C9F442AA8C4FAF26 /* /Users/mike/Documents/xcode/FTRReview/src/PDFViewPages.cpp */,
				9494DE81C834476AAB04B71C /* /Users/mike/Documents/xcode/FTRReview/src/PDFViewPrintout.cpp */,
				31444AB5E0E445AAB84659AF /* /Users/mike/Documents/xcode/FTRReview/src/PDFViewTextRange.cpp */,
				E2594670657A4962BA7DA19A /* /Users/mike/Documents/xcode/FTRReview/src/PDFViewThumbnailListBox.cpp */,
				627A46FC837343FA9466AE7C /* /Users/mike/Documents/xcode/FTRReview/src/PDFViewThumbnailListBoxImpl.cpp */,
			);
			runOnlyForDeploymentPostprocessing = 0;
		};
/* End PBXSourcesBuildPhase section */

/* Begin PBXTargetDependency section */
		0D4F4F5922C44C59B4638CAF /* PBXTargetDependency */ = {
			isa = PBXTargetDependency;
			target = B64D1DE331B54E568DC9C6A8 /* FTRReview */;
			targetProxy = 4982D6843DAB478CA4D9B4FE /* PBXContainerItemProxy */;
		};
		530D6E6453FD4D239D380919 /* PBXTargetDependency */ = {
			isa = PBXTargetDependency;
			target = 04BB50DC24364F7B8B69220D /* ZERO_CHECK */;
			targetProxy = 99968379472E4BB191238337 /* PBXContainerItemProxy */;
		};
		924AB0B076154898B30DB86C /* PBXTargetDependency */ = {
			isa = PBXTargetDependency;
			target = 04BB50DC24364F7B8B69220D /* ZERO_CHECK */;
			targetProxy = 94C6675057A349C5AEF96637 /* PBXContainerItemProxy */;
		};
/* End PBXTargetDependency section */

/* Begin XCBuildConfiguration section */
		103AA367A51349D7979B02C0 /* Release */ = {
			isa = XCBuildConfiguration;
			buildSettings = {
				ARCHS = arm64;
				COMBINE_HIDPI_IMAGES = YES;
				GCC_GENERATE_DEBUGGING_SYMBOLS = YES;
				GCC_INLINES_ARE_PRIVATE_EXTERN = NO;
				GCC_OPTIMIZATION_LEVEL = 0;
				GCC_PREPROCESSOR_DEFINITIONS = ("'CMAKE_INTDIR=\"$(CONFIGURATION)$(EFFECTIVE_PLATFORM_NAME)\"'","$(inherited)");
				GCC_SYMBOLS_PRIVATE_EXTERN = NO;
				INSTALL_PATH = "";
				ONLY_ACTIVE_ARCH = NO;
				OTHER_LDFLAGS = ("","$(inherited)");
				OTHER_REZFLAGS = "";
				PRODUCT_NAME = ALL_BUILD;
				SECTORDER_FLAGS = "";
				SYMROOT = /Users/mike/Documents/xcode/FTRReview/xcode;
				USE_HEADERMAP = NO;
				WARNING_CFLAGS = ("$(inherited)");
			};
			name = Release;
		};
		12572CB21FED4D6299AF200C /* Release */ = {
			isa = XCBuildConfiguration;
			buildSettings = {
				ARCHS = arm64;
				SDKROOT = /Applications/Xcode.app/Contents/Developer/Platforms/MacOSX.platform/Developer/SDKs/MacOSX12.3.sdk;
				SYMROOT = /Users/mike/Documents/xcode/FTRReview/xcode/build;
			};
			name = Release;
		};
		19005BC239B84FBEA55D7928 /* RelWithDebInfo */ = {
			isa = XCBuildConfiguration;
			buildSettings = {
				ARCHS = arm64;
				COMBINE_HIDPI_IMAGES = YES;
				GCC_GENERATE_DEBUGGING_SYMBOLS = YES;
				GCC_INLINES_ARE_PRIVATE_EXTERN = NO;
				GCC_OPTIMIZATION_LEVEL = 0;
				GCC_PREPROCESSOR_DEFINITIONS = ("'CMAKE_INTDIR=\"$(CONFIGURATION)$(EFFECTIVE_PLATFORM_NAME)\"'","$(inherited)");
				GCC_SYMBOLS_PRIVATE_EXTERN = NO;
				INSTALL_PATH = "";
				ONLY_ACTIVE_ARCH = NO;
				OTHER_LDFLAGS = ("","$(inherited)");
				OTHER_REZFLAGS = "";
				PRODUCT_NAME = ZERO_CHECK;
				SECTORDER_FLAGS = "";
				SYMROOT = /Users/mike/Documents/xcode/FTRReview/xcode;
				USE_HEADERMAP = NO;
				WARNING_CFLAGS = ("$(inherited)");
			};
			name = RelWithDebInfo;
		};
		523EF00CC73A4B4A86C85B70 /* Release */ = {
			isa = XCBuildConfiguration;
			buildSettings = {
				ARCHS = arm64;
				COMBINE_HIDPI_IMAGES = YES;
				GCC_GENERATE_DEBUGGING_SYMBOLS = YES;
				GCC_INLINES_ARE_PRIVATE_EXTERN = NO;
				GCC_OPTIMIZATION_LEVEL = 0;
				GCC_PREPROCESSOR_DEFINITIONS = ("'CMAKE_INTDIR=\"$(CONFIGURATION)$(EFFECTIVE_PLATFORM_NAME)\"'","$(inherited)");
				GCC_SYMBOLS_PRIVATE_EXTERN = NO;
				INSTALL_PATH = "";
				ONLY_ACTIVE_ARCH = NO;
				OTHER_LDFLAGS = ("","$(inherited)");
				OTHER_REZFLAGS = "";
				PRODUCT_NAME = ZERO_CHECK;
				SECTORDER_FLAGS = "";
				SYMROOT = /Users/mike/Documents/xcode/FTRReview/xcode;
				USE_HEADERMAP = NO;
				WARNING_CFLAGS = ("$(inherited)");
			};
			name = Release;
		};
		6A0B39DE2D7441258FF290E2 /* MinSizeRel */ = {
			isa = XCBuildConfiguration;
			buildSettings = {
				ARCHS = arm64;
				SDKROOT = /Applications/Xcode.app/Contents/Developer/Platforms/MacOSX.platform/Developer/SDKs/MacOSX12.3.sdk;
				SYMROOT = /Users/mike/Documents/xcode/FTRReview/xcode/build;
			};
			name = MinSizeRel;
		};
		7E79F70D785744188388FD51 /* MinSizeRel */ = {
			isa = XCBuildConfiguration;
			buildSettings = {
				ARCHS = arm64;
				COMBINE_HIDPI_IMAGES = YES;
				GCC_GENERATE_DEBUGGING_SYMBOLS = YES;
				GCC_INLINES_ARE_PRIVATE_EXTERN = NO;
				GCC_OPTIMIZATION_LEVEL = 0;
				GCC_PREPROCESSOR_DEFINITIONS = ("'CMAKE_INTDIR=\"$(CONFIGURATION)$(EFFECTIVE_PLATFORM_NAME)\"'","$(inherited)");
				GCC_SYMBOLS_PRIVATE_EXTERN = NO;
				INSTALL_PATH = "";
				ONLY_ACTIVE_ARCH = NO;
				OTHER_LDFLAGS = ("","$(inherited)");
				OTHER_REZFLAGS = "";
				PRODUCT_NAME = ZERO_CHECK;
				SECTORDER_FLAGS = "";
				SYMROOT = /Users/mike/Documents/xcode/FTRReview/xcode;
				USE_HEADERMAP = NO;
				WARNING_CFLAGS = ("$(inherited)");
			};
			name = MinSizeRel;
		};
		9100B205724F434A8161F7B1 /* Debug */ = {
			isa = XCBuildConfiguration;
			buildSettings = {
				ARCHS = arm64;
				COMBINE_HIDPI_IMAGES = YES;
				EXECUTABLE_PREFIX = "";
				EXECUTABLE_SUFFIX = "";
				GCC_GENERATE_DEBUGGING_SYMBOLS = YES;
				GCC_INLINES_ARE_PRIVATE_EXTERN = NO;
				GCC_OPTIMIZATION_LEVEL = 0;
				GCC_PREPROCESSOR_DEFINITIONS = ("'CMAKE_INTDIR=\"$(CONFIGURATION)$(EFFECTIVE_PLATFORM_NAME)\"'","'_FILE_OFFSET_BITS=64'",WXUSINGDLL,__WXMAC__,__WXOSX__,__WXOSX_COCOA__,"$(inherited)");
				GCC_SYMBOLS_PRIVATE_EXTERN = NO;
				HEADER_SEARCH_PATHS = (/Users/mike/Documents/xcode/FTRReview/include,/Users/mike/Documents/xcode/FTRReview/art,"$(inherited)");
				INSTALL_PATH = "";
				LD_RUNPATH_SEARCH_PATHS = (/opt/homebrew/lib,"$(inherited)");
				LIBRARY_SEARCH_PATHS = ("/opt/homebrew/lib/$(CONFIGURATION)$(EFFECTIVE_PLATFORM_NAME)",/opt/homebrew/lib,"$(inherited)");
				ONLY_ACTIVE_ARCH = NO;
				OTHER_CPLUSPLUSFLAGS = "   '-std=gnu++11' ";
				OTHER_LDFLAGS = (" -Wl,-search_paths_first -Wl,-headerpad_max_install_names","-L/opt/homebrew/lib","-framework IOKit","-framework Carbon","-framework Cocoa","-framework QuartzCore","-framework AudioToolbox","-framework System","-framework OpenGL","-lwx_baseu_net-3.2","-lwx_osx_cocoau_core-3.2","-lwx_baseu-3.2",/Users/mike/Documents/xcode/FTRReview/PDFium/lib/libpdfium.dylib,"$(inherited)");
				OTHER_REZFLAGS = "";
				PRODUCT_NAME = FTRReview;
				SECTORDER_FLAGS = "";
				SYMROOT = /Users/mike/Documents/xcode/FTRReview/xcode;
				SYSTEM_HEADER_SEARCH_PATHS = ("/opt/homebrew/lib/wx/include/osx_cocoa-unicode-3.2","/opt/homebrew/include/wx-3.2",/Users/mike/Documents/xcode/FTRReview/PDFium/include,/Users/mike/Documents/xcode/FTRReview/PDFium/include/cpp,"$(inherited)");
				USE_HEADERMAP = NO;
				WARNING_CFLAGS = ("$(inherited)");
			};
			name = Debug;
		};
		9B58505923904ADCB36144F1 /* MinSizeRel */ = {
			isa = XCBuildConfiguration;
			buildSettings = {
				ARCHS = arm64;
				COMBINE_HIDPI_IMAGES = YES;
				GCC_GENERATE_DEBUGGING_SYMBOLS = YES;
				GCC_INLINES_ARE_PRIVATE_EXTERN = NO;
				GCC_OPTIMIZATION_LEVEL = 0;
				GCC_PREPROCESSOR_DEFINITIONS = ("'CMAKE_INTDIR=\"$(CONFIGURATION)$(EFFECTIVE_PLATFORM_NAME)\"'","$(inherited)");
				GCC_SYMBOLS_PRIVATE_EXTERN = NO;
				INSTALL_PATH = "";
				ONLY_ACTIVE_ARCH = NO;
				OTHER_LDFLAGS = ("","$(inherited)");
				OTHER_REZFLAGS = "";
				PRODUCT_NAME = ALL_BUILD;
				SECTORDER_FLAGS = "";
				SYMROOT = /Users/mike/Documents/xcode/FTRReview/xcode;
				USE_HEADERMAP = NO;
				WARNING_CFLAGS = ("$(inherited)");
			};
			name = MinSizeRel;
		};
		AB9AFCAEF51A4C51B9BF5F77 /* Debug */ = {
			isa = XCBuildConfiguration;
			buildSettings = {
				ARCHS = arm64;
				COMBINE_HIDPI_IMAGES = YES;
				GCC_GENERATE_DEBUGGING_SYMBOLS = YES;
				GCC_INLINES_ARE_PRIVATE_EXTERN = NO;
				GCC_OPTIMIZATION_LEVEL = 0;
				GCC_PREPROCESSOR_DEFINITIONS = ("'CMAKE_INTDIR=\"$(CONFIGURATION)$(EFFECTIVE_PLATFORM_NAME)\"'","$(inherited)");
				GCC_SYMBOLS_PRIVATE_EXTERN = NO;
				INSTALL_PATH = "";
				ONLY_ACTIVE_ARCH = NO;
				OTHER_LDFLAGS = ("","$(inherited)");
				OTHER_REZFLAGS = "";
				PRODUCT_NAME = ALL_BUILD;
				SECTORDER_FLAGS = "";
				SYMROOT = /Users/mike/Documents/xcode/FTRReview/xcode;
				USE_HEADERMAP = NO;
				WARNING_CFLAGS = ("$(inherited)");
			};
			name = Debug;
		};
		AF9E44E9A213418CBEE6E1BD /* Debug */ = {
			isa = XCBuildConfiguration;
			buildSettings = {
				ARCHS = arm64;
				COMBINE_HIDPI_IMAGES = YES;
				GCC_GENERATE_DEBUGGING_SYMBOLS = YES;
				GCC_INLINES_ARE_PRIVATE_EXTERN = NO;
				GCC_OPTIMIZATION_LEVEL = 0;
				GCC_PREPROCESSOR_DEFINITIONS = ("'CMAKE_INTDIR=\"$(CONFIGURATION)$(EFFECTIVE_PLATFORM_NAME)\"'","$(inherited)");
				GCC_SYMBOLS_PRIVATE_EXTERN = NO;
				INSTALL_PATH = "";
				ONLY_ACTIVE_ARCH = NO;
				OTHER_LDFLAGS = ("","$(inherited)");
				OTHER_REZFLAGS = "";
				PRODUCT_NAME = ZERO_CHECK;
				SECTORDER_FLAGS = "";
				SYMROOT = /Users/mike/Documents/xcode/FTRReview/xcode;
				USE_HEADERMAP = NO;
				WARNING_CFLAGS = ("$(inherited)");
			};
			name = Debug;
		};
		B7057E421CC24EEE9BD9F720 /* RelWithDebInfo */ = {
			isa = XCBuildConfiguration;
			buildSettings = {
				ARCHS = arm64;
				COMBINE_HIDPI_IMAGES = YES;
				EXECUTABLE_PREFIX = "";
				EXECUTABLE_SUFFIX = "";
				GCC_GENERATE_DEBUGGING_SYMBOLS = YES;
				GCC_INLINES_ARE_PRIVATE_EXTERN = NO;
				GCC_OPTIMIZATION_LEVEL = 2;
				GCC_PREPROCESSOR_DEFINITIONS = ("'CMAKE_INTDIR=\"$(CONFIGURATION)$(EFFECTIVE_PLATFORM_NAME)\"'","'_FILE_OFFSET_BITS=64'",WXUSINGDLL,__WXMAC__,__WXOSX__,__WXOSX_COCOA__,"$(inherited)");
				GCC_SYMBOLS_PRIVATE_EXTERN = NO;
				HEADER_SEARCH_PATHS = (/Users/mike/Documents/xcode/FTRReview/include,/Users/mike/Documents/xcode/FTRReview/art,"$(inherited)");
				INSTALL_PATH = "";
				LD_RUNPATH_SEARCH_PATHS = (/opt/homebrew/lib,"$(inherited)");
				LIBRARY_SEARCH_PATHS = ("/opt/homebrew/lib/$(CONFIGURATION)$(EFFECTIVE_PLATFORM_NAME)",/opt/homebrew/lib,"$(inherited)");
				ONLY_ACTIVE_ARCH = NO;
				OTHER_CPLUSPLUSFLAGS = "       -DNDEBUG '-std=gnu++11' ";
				OTHER_LDFLAGS = (" -Wl,-search_paths_first -Wl,-headerpad_max_install_names","-L/opt/homebrew/lib","-framework IOKit","-framework Carbon","-framework Cocoa","-framework QuartzCore","-framework AudioToolbox","-framework System","-framework OpenGL","-lwx_baseu_net-3.2","-lwx_osx_cocoau_core-3.2","-lwx_baseu-3.2",/Users/mike/Documents/xcode/FTRReview/PDFium/lib/libpdfium.dylib,"$(inherited)");
				OTHER_REZFLAGS = "";
				PRODUCT_NAME = FTRReview;
				SECTORDER_FLAGS = "";
				SYMROOT = /Users/mike/Documents/xcode/FTRReview/xcode;
				SYSTEM_HEADER_SEARCH_PATHS = ("/opt/homebrew/lib/wx/include/osx_cocoa-unicode-3.2","/opt/homebrew/include/wx-3.2",/Users/mike/Documents/xcode/FTRReview/PDFium/include,/Users/mike/Documents/xcode/FTRReview/PDFium/include/cpp,"$(inherited)");
				USE_HEADERMAP = NO;
				WARNING_CFLAGS = ("$(inherited)");
			};
			name = RelWithDebInfo;
		};
		CCC1134609B7493AB5F24118 /* Release */ = {
			isa = XCBuildConfiguration;
			buildSettings = {
				ARCHS = arm64;
				COMBINE_HIDPI_IMAGES = YES;
				EXECUTABLE_PREFIX = "";
				EXECUTABLE_SUFFIX = "";
				GCC_GENERATE_DEBUGGING_SYMBOLS = NO;
				GCC_INLINES_ARE_PRIVATE_EXTERN = NO;
				GCC_OPTIMIZATION_LEVEL = 3;
				GCC_PREPROCESSOR_DEFINITIONS = ("'CMAKE_INTDIR=\"$(CONFIGURATION)$(EFFECTIVE_PLATFORM_NAME)\"'","'_FILE_OFFSET_BITS=64'",WXUSINGDLL,__WXMAC__,__WXOSX__,__WXOSX_COCOA__,"$(inherited)");
				GCC_SYMBOLS_PRIVATE_EXTERN = NO;
				HEADER_SEARCH_PATHS = (/Users/mike/Documents/xcode/FTRReview/include,/Users/mike/Documents/xcode/FTRReview/art,"$(inherited)");
				INSTALL_PATH = "";
				LD_RUNPATH_SEARCH_PATHS = (/opt/homebrew/lib,"$(inherited)");
				LIBRARY_SEARCH_PATHS = ("/opt/homebrew/lib/$(CONFIGURATION)$(EFFECTIVE_PLATFORM_NAME)",/opt/homebrew/lib,"$(inherited)");
				ONLY_ACTIVE_ARCH = NO;
				OTHER_CPLUSPLUSFLAGS = "    -DNDEBUG '-std=gnu++11' ";
				OTHER_LDFLAGS = (" -Wl,-search_paths_first -Wl,-headerpad_max_install_names","-L/opt/homebrew/lib","-framework IOKit","-framework Carbon","-framework Cocoa","-framework QuartzCore","-framework AudioToolbox","-framework System","-framework OpenGL","-lwx_baseu_net-3.2","-lwx_osx_cocoau_core-3.2","-lwx_baseu-3.2",/Users/mike/Documents/xcode/FTRReview/PDFium/lib/libpdfium.dylib,"$(inherited)");
				OTHER_REZFLAGS = "";
				PRODUCT_NAME = FTRReview;
				SECTORDER_FLAGS = "";
				SYMROOT = /Users/mike/Documents/xcode/FTRReview/xcode;
				SYSTEM_HEADER_SEARCH_PATHS = ("/opt/homebrew/lib/wx/include/osx_cocoa-unicode-3.2","/opt/homebrew/include/wx-3.2",/Users/mike/Documents/xcode/FTRReview/PDFium/include,/Users/mike/Documents/xcode/FTRReview/PDFium/include/cpp,"$(inherited)");
				USE_HEADERMAP = NO;
				WARNING_CFLAGS = ("$(inherited)");
			};
			name = Release;
		};
		D4A8F9F56B6A45DCA3A08BC6 /* MinSizeRel */ = {
			isa = XCBuildConfiguration;
			buildSettings = {
				ARCHS = arm64;
				COMBINE_HIDPI_IMAGES = YES;
				EXECUTABLE_PREFIX = "";
				EXECUTABLE_SUFFIX = "";
				GCC_GENERATE_DEBUGGING_SYMBOLS = NO;
				GCC_INLINES_ARE_PRIVATE_EXTERN = NO;
				GCC_OPTIMIZATION_LEVEL = s;
				GCC_PREPROCESSOR_DEFINITIONS = ("'CMAKE_INTDIR=\"$(CONFIGURATION)$(EFFECTIVE_PLATFORM_NAME)\"'","'_FILE_OFFSET_BITS=64'",WXUSINGDLL,__WXMAC__,__WXOSX__,__WXOSX_COCOA__,"$(inherited)");
				GCC_SYMBOLS_PRIVATE_EXTERN = NO;
				HEADER_SEARCH_PATHS = (/Users/mike/Documents/xcode/FTRReview/include,/Users/mike/Documents/xcode/FTRReview/art,"$(inherited)");
				INSTALL_PATH = "";
				LD_RUNPATH_SEARCH_PATHS = (/opt/homebrew/lib,"$(inherited)");
				LIBRARY_SEARCH_PATHS = ("/opt/homebrew/lib/$(CONFIGURATION)$(EFFECTIVE_PLATFORM_NAME)",/opt/homebrew/lib,"$(inherited)");
				ONLY_ACTIVE_ARCH = NO;
				OTHER_CPLUSPLUSFLAGS = "    -DNDEBUG '-std=gnu++11' ";
				OTHER_LDFLAGS = (" -Wl,-search_paths_first -Wl,-headerpad_max_install_names","-L/opt/homebrew/lib","-framework IOKit","-framework Carbon","-framework Cocoa","-framework QuartzCore","-framework AudioToolbox","-framework System","-framework OpenGL","-lwx_baseu_net-3.2","-lwx_osx_cocoau_core-3.2","-lwx_baseu-3.2",/Users/mike/Documents/xcode/FTRReview/PDFium/lib/libpdfium.dylib,"$(inherited)");
				OTHER_REZFLAGS = "";
				PRODUCT_NAME = FTRReview;
				SECTORDER_FLAGS = "";
				SYMROOT = /Users/mike/Documents/xcode/FTRReview/xcode;
				SYSTEM_HEADER_SEARCH_PATHS = ("/opt/homebrew/lib/wx/include/osx_cocoa-unicode-3.2","/opt/homebrew/include/wx-3.2",/Users/mike/Documents/xcode/FTRReview/PDFium/include,/Users/mike/Documents/xcode/FTRReview/PDFium/include/cpp,"$(inherited)");
				USE_HEADERMAP = NO;
				WARNING_CFLAGS = ("$(inherited)");
			};
			name = MinSizeRel;
		};
		F4744049ECEF47A79A31810C /* RelWithDebInfo */ = {
			isa = XCBuildConfiguration;
			buildSettings = {
				ARCHS = arm64;
				SDKROOT = /Applications/Xcode.app/Contents/Developer/Platforms/MacOSX.platform/Developer/SDKs/MacOSX12.3.sdk;
				SYMROOT = /Users/mike/Documents/xcode/FTRReview/xcode/build;
			};
			name = RelWithDebInfo;
		};
		FE2D713FF3A44E5891CB494F /* Debug */ = {
			isa = XCBuildConfiguration;
			buildSettings = {
				ARCHS = arm64;
				SDKROOT = /Applications/Xcode.app/Contents/Developer/Platforms/MacOSX.platform/Developer/SDKs/MacOSX12.3.sdk;
				SYMROOT = /Users/mike/Documents/xcode/FTRReview/xcode/build;
			};
			name = Debug;
		};
		FE8BA6E8B4754C0E89AFB731 /* RelWithDebInfo */ = {
			isa = XCBuildConfiguration;
			buildSettings = {
				ARCHS = arm64;
				COMBINE_HIDPI_IMAGES = YES;
				GCC_GENERATE_DEBUGGING_SYMBOLS = YES;
				GCC_INLINES_ARE_PRIVATE_EXTERN = NO;
				GCC_OPTIMIZATION_LEVEL = 0;
				GCC_PREPROCESSOR_DEFINITIONS = ("'CMAKE_INTDIR=\"$(CONFIGURATION)$(EFFECTIVE_PLATFORM_NAME)\"'","$(inherited)");
				GCC_SYMBOLS_PRIVATE_EXTERN = NO;
				INSTALL_PATH = "";
				ONLY_ACTIVE_ARCH = NO;
				OTHER_LDFLAGS = ("","$(inherited)");
				OTHER_REZFLAGS = "";
				PRODUCT_NAME = ALL_BUILD;
				SECTORDER_FLAGS = "";
				SYMROOT = /Users/mike/Documents/xcode/FTRReview/xcode;
				USE_HEADERMAP = NO;
				WARNING_CFLAGS = ("$(inherited)");
			};
			name = RelWithDebInfo;
		};
/* End XCBuildConfiguration section */

/* Begin XCConfigurationList section */
		6A58D392CC3447A3964AA490 /* Build configuration list for PBXProject "FTRReview" */ = {
			isa = XCConfigurationList;
			buildConfigurations = (
				FE2D713FF3A44E5891CB494F /* Debug */,
				12572CB21FED4D6299AF200C /* Release */,
				6A0B39DE2D7441258FF290E2 /* MinSizeRel */,
				F4744049ECEF47A79A31810C /* RelWithDebInfo */,
			);
			defaultConfigurationIsVisible = 0;
			defaultConfigurationName = Debug;
		};
		872BF36FE64C452680B2476D /* Build configuration list for PBXAggregateTarget "ALL_BUILD" */ = {
			isa = XCConfigurationList;
			buildConfigurations = (
				AB9AFCAEF51A4C51B9BF5F77 /* Debug */,
				103AA367A51349D7979B02C0 /* Release */,
				9B58505923904ADCB36144F1 /* MinSizeRel */,
				FE8BA6E8B4754C0E89AFB731 /* RelWithDebInfo */,
			);
			defaultConfigurationIsVisible = 0;
			defaultConfigurationName = Debug;
		};
		911AB4C0EC2D4547BF103B62 /* Build configuration list for PBXNativeTarget "FTRReview" */ = {
			isa = XCConfigurationList;
			buildConfigurations = (
				9100B205724F434A8161F7B1 /* Debug */,
				CCC1134609B7493AB5F24118 /* Release */,
				D4A8F9F56B6A45DCA3A08BC6 /* MinSizeRel */,
				B7057E421CC24EEE9BD9F720 /* RelWithDebInfo */,
			);
			defaultConfigurationIsVisible = 0;
			defaultConfigurationName = Debug;
		};
		C433B07D97C042EAB8F9E70A /* Build configuration list for PBXAggregateTarget "ZERO_CHECK" */ = {
			isa = XCConfigurationList;
			buildConfigurations = (
				AF9E44E9A213418CBEE6E1BD /* Debug */,
				523EF00CC73A4B4A86C85B70 /* Release */,
				7E79F70D785744188388FD51 /* MinSizeRel */,
				19005BC239B84FBEA55D7928 /* RelWithDebInfo */,
			);
			defaultConfigurationIsVisible = 0;
			defaultConfigurationName = Debug;
		};
/* End XCConfigurationList section */
	};
	rootObject = DB0264EDF4C147C9A3F54201 /* Project object */;
}
